// !$*UTF8*$!
{
	archiveVersion = 1;
	classes = {
	};
	objectVersion = 55;
	objects = {

/* Begin PBXBuildFile section */
		84B36EA52954402500234BC5 /* CounterDIYApp.swift in Sources */ = {isa = PBXBuildFile; fileRef = 84B36EA42954402500234BC5 /* CounterDIYApp.swift */; };
		84B36EA72954402500234BC5 /* ContentView.swift in Sources */ = {isa = PBXBuildFile; fileRef = 84B36EA62954402500234BC5 /* ContentView.swift */; };
		84B36EA92954402900234BC5 /* Assets.xcassets in Resources */ = {isa = PBXBuildFile; fileRef = 84B36EA82954402900234BC5 /* Assets.xcassets */; };
		84B36EAC2954402900234BC5 /* Preview Assets.xcassets in Resources */ = {isa = PBXBuildFile; fileRef = 84B36EAB2954402900234BC5 /* Preview Assets.xcassets */; };
		84B36EB62954402900234BC5 /* CounterDIYTests.swift in Sources */ = {isa = PBXBuildFile; fileRef = 84B36EB52954402900234BC5 /* CounterDIYTests.swift */; };
		84B36EC02954402900234BC5 /* CounterDIYUITests.swift in Sources */ = {isa = PBXBuildFile; fileRef = 84B36EBF2954402900234BC5 /* CounterDIYUITests.swift */; };
		84B36EC22954402900234BC5 /* CounterDIYUITestsLaunchTests.swift in Sources */ = {isa = PBXBuildFile; fileRef = 84B36EC12954402900234BC5 /* CounterDIYUITestsLaunchTests.swift */; };
		84B36ECF2954445B00234BC5 /* ResetView.swift in Sources */ = {isa = PBXBuildFile; fileRef = 84B36ECE2954445B00234BC5 /* ResetView.swift */; };
		84B36ED12954460B00234BC5 /* Model.swift in Sources */ = {isa = PBXBuildFile; fileRef = 84B36ED02954460B00234BC5 /* Model.swift */; };
		84B36ED3295446D500234BC5 /* ContentViewRef.swift in Sources */ = {isa = PBXBuildFile; fileRef = 84B36ED2295446D500234BC5 /* ContentViewRef.swift */; };
		84B36ED5295446E200234BC5 /* ResetViewRef.swift in Sources */ = {isa = PBXBuildFile; fileRef = 84B36ED4295446E200234BC5 /* ResetViewRef.swift */; };
		84B36F0E29544B8C00234BC5 /* URLImage in Frameworks */ = {isa = PBXBuildFile; productRef = 84B36F0D29544B8C00234BC5 /* URLImage */; };
/* End PBXBuildFile section */

/* Begin PBXContainerItemProxy section */
		84B36EB22954402900234BC5 /* PBXContainerItemProxy */ = {
			isa = PBXContainerItemProxy;
			containerPortal = 84B36E992954402500234BC5 /* Project object */;
			proxyType = 1;
			remoteGlobalIDString = 84B36EA02954402500234BC5;
			remoteInfo = CounterDIY;
		};
		84B36EBC2954402900234BC5 /* PBXContainerItemProxy */ = {
			isa = PBXContainerItemProxy;
			containerPortal = 84B36E992954402500234BC5 /* Project object */;
			proxyType = 1;
			remoteGlobalIDString = 84B36EA02954402500234BC5;
			remoteInfo = CounterDIY;
		};
/* End PBXContainerItemProxy section */

/* Begin PBXFileReference section */
		84B36EA12954402500234BC5 /* CounterDIY.app */ = {isa = PBXFileReference; explicitFileType = wrapper.application; includeInIndex = 0; path = CounterDIY.app; sourceTree = BUILT_PRODUCTS_DIR; };
		84B36EA42954402500234BC5 /* CounterDIYApp.swift */ = {isa = PBXFileReference; lastKnownFileType = sourcecode.swift; path = CounterDIYApp.swift; sourceTree = "<group>"; };
		84B36EA62954402500234BC5 /* ContentView.swift */ = {isa = PBXFileReference; lastKnownFileType = sourcecode.swift; path = ContentView.swift; sourceTree = "<group>"; };
		84B36EA82954402900234BC5 /* Assets.xcassets */ = {isa = PBXFileReference; lastKnownFileType = folder.assetcatalog; path = Assets.xcassets; sourceTree = "<group>"; };
		84B36EAB2954402900234BC5 /* Preview Assets.xcassets */ = {isa = PBXFileReference; lastKnownFileType = folder.assetcatalog; path = "Preview Assets.xcassets"; sourceTree = "<group>"; };
		84B36EB12954402900234BC5 /* CounterDIYTests.xctest */ = {isa = PBXFileReference; explicitFileType = wrapper.cfbundle; includeInIndex = 0; path = CounterDIYTests.xctest; sourceTree = BUILT_PRODUCTS_DIR; };
		84B36EB52954402900234BC5 /* CounterDIYTests.swift */ = {isa = PBXFileReference; lastKnownFileType = sourcecode.swift; path = CounterDIYTests.swift; sourceTree = "<group>"; };
		84B36EBB2954402900234BC5 /* CounterDIYUITests.xctest */ = {isa = PBXFileReference; explicitFileType = wrapper.cfbundle; includeInIndex = 0; path = CounterDIYUITests.xctest; sourceTree = BUILT_PRODUCTS_DIR; };
		84B36EBF2954402900234BC5 /* CounterDIYUITests.swift */ = {isa = PBXFileReference; lastKnownFileType = sourcecode.swift; path = CounterDIYUITests.swift; sourceTree = "<group>"; };
		84B36EC12954402900234BC5 /* CounterDIYUITestsLaunchTests.swift */ = {isa = PBXFileReference; lastKnownFileType = sourcecode.swift; path = CounterDIYUITestsLaunchTests.swift; sourceTree = "<group>"; };
		84B36ECE2954445B00234BC5 /* ResetView.swift */ = {isa = PBXFileReference; lastKnownFileType = sourcecode.swift; path = ResetView.swift; sourceTree = "<group>"; };
		84B36ED02954460B00234BC5 /* Model.swift */ = {isa = PBXFileReference; lastKnownFileType = sourcecode.swift; path = Model.swift; sourceTree = "<group>"; };
		84B36ED2295446D500234BC5 /* ContentViewRef.swift */ = {isa = PBXFileReference; lastKnownFileType = sourcecode.swift; path = ContentViewRef.swift; sourceTree = "<group>"; };
		84B36ED4295446E200234BC5 /* ResetViewRef.swift */ = {isa = PBXFileReference; lastKnownFileType = sourcecode.swift; path = ResetViewRef.swift; sourceTree = "<group>"; };
/* End PBXFileReference section */

/* Begin PBXFrameworksBuildPhase section */
		84B36E9E2954402500234BC5 /* Frameworks */ = {
			isa = PBXFrameworksBuildPhase;
			buildActionMask = 2147483647;
			files = (
				84B36F0E29544B8C00234BC5 /* URLImage in Frameworks */,
			);
			runOnlyForDeploymentPostprocessing = 0;
		};
		84B36EAE2954402900234BC5 /* Frameworks */ = {
			isa = PBXFrameworksBuildPhase;
			buildActionMask = 2147483647;
			files = (
			);
			runOnlyForDeploymentPostprocessing = 0;
		};
		84B36EB82954402900234BC5 /* Frameworks */ = {
			isa = PBXFrameworksBuildPhase;
			buildActionMask = 2147483647;
			files = (
			);
			runOnlyForDeploymentPostprocessing = 0;
		};
/* End PBXFrameworksBuildPhase section */

/* Begin PBXGroup section */
		84B36E982954402500234BC5 = {
			isa = PBXGroup;
			children = (
				84B36EA32954402500234BC5 /* CounterDIY */,
				84B36EB42954402900234BC5 /* CounterDIYTests */,
				84B36EBE2954402900234BC5 /* CounterDIYUITests */,
				84B36EA22954402500234BC5 /* Products */,
			);
			sourceTree = "<group>";
		};
		84B36EA22954402500234BC5 /* Products */ = {
			isa = PBXGroup;
			children = (
				84B36EA12954402500234BC5 /* CounterDIY.app */,
				84B36EB12954402900234BC5 /* CounterDIYTests.xctest */,
				84B36EBB2954402900234BC5 /* CounterDIYUITests.xctest */,
			);
			name = Products;
			sourceTree = "<group>";
		};
		84B36EA32954402500234BC5 /* CounterDIY */ = {
			isa = PBXGroup;
			children = (
				84B36EA42954402500234BC5 /* CounterDIYApp.swift */,
				84B36EA62954402500234BC5 /* ContentView.swift */,
				84B36EA82954402900234BC5 /* Assets.xcassets */,
				84B36EAA2954402900234BC5 /* Preview Content */,
				84B36ECE2954445B00234BC5 /* ResetView.swift */,
				84B36ED02954460B00234BC5 /* Model.swift */,
				84B36ED2295446D500234BC5 /* ContentViewRef.swift */,
				84B36ED4295446E200234BC5 /* ResetViewRef.swift */,
			);
			path = CounterDIY;
			sourceTree = "<group>";
		};
		84B36EAA2954402900234BC5 /* Preview Content */ = {
			isa = PBXGroup;
			children = (
				84B36EAB2954402900234BC5 /* Preview Assets.xcassets */,
			);
			path = "Preview Content";
			sourceTree = "<group>";
		};
		84B36EB42954402900234BC5 /* CounterDIYTests */ = {
			isa = PBXGroup;
			children = (
				84B36EB52954402900234BC5 /* CounterDIYTests.swift */,
			);
			path = CounterDIYTests;
			sourceTree = "<group>";
		};
		84B36EBE2954402900234BC5 /* CounterDIYUITests */ = {
			isa = PBXGroup;
			children = (
				84B36EBF2954402900234BC5 /* CounterDIYUITests.swift */,
				84B36EC12954402900234BC5 /* CounterDIYUITestsLaunchTests.swift */,
			);
			path = CounterDIYUITests;
			sourceTree = "<group>";
		};
/* End PBXGroup section */

/* Begin PBXNativeTarget section */
		84B36EA02954402500234BC5 /* CounterDIY */ = {
			isa = PBXNativeTarget;
			buildConfigurationList = 84B36EC52954402900234BC5 /* Build configuration list for PBXNativeTarget "CounterDIY" */;
			buildPhases = (
				84B36E9D2954402500234BC5 /* Sources */,
				84B36E9E2954402500234BC5 /* Frameworks */,
				84B36E9F2954402500234BC5 /* Resources */,
			);
			buildRules = (
			);
			dependencies = (
			);
			name = CounterDIY;
			packageProductDependencies = (
				84B36F0D29544B8C00234BC5 /* URLImage */,
			);
			productName = CounterDIY;
			productReference = 84B36EA12954402500234BC5 /* CounterDIY.app */;
			productType = "com.apple.product-type.application";
		};
		84B36EB02954402900234BC5 /* CounterDIYTests */ = {
			isa = PBXNativeTarget;
			buildConfigurationList = 84B36EC82954402900234BC5 /* Build configuration list for PBXNativeTarget "CounterDIYTests" */;
			buildPhases = (
				84B36EAD2954402900234BC5 /* Sources */,
				84B36EAE2954402900234BC5 /* Frameworks */,
				84B36EAF2954402900234BC5 /* Resources */,
			);
			buildRules = (
			);
			dependencies = (
				84B36EB32954402900234BC5 /* PBXTargetDependency */,
			);
			name = CounterDIYTests;
			productName = CounterDIYTests;
			productReference = 84B36EB12954402900234BC5 /* CounterDIYTests.xctest */;
			productType = "com.apple.product-type.bundle.unit-test";
		};
		84B36EBA2954402900234BC5 /* CounterDIYUITests */ = {
			isa = PBXNativeTarget;
			buildConfigurationList = 84B36ECB2954402900234BC5 /* Build configuration list for PBXNativeTarget "CounterDIYUITests" */;
			buildPhases = (
				84B36EB72954402900234BC5 /* Sources */,
				84B36EB82954402900234BC5 /* Frameworks */,
				84B36EB92954402900234BC5 /* Resources */,
			);
			buildRules = (
			);
			dependencies = (
				84B36EBD2954402900234BC5 /* PBXTargetDependency */,
			);
			name = CounterDIYUITests;
			productName = CounterDIYUITests;
			productReference = 84B36EBB2954402900234BC5 /* CounterDIYUITests.xctest */;
			productType = "com.apple.product-type.bundle.ui-testing";
		};
/* End PBXNativeTarget section */

/* Begin PBXProject section */
		84B36E992954402500234BC5 /* Project object */ = {
			isa = PBXProject;
			attributes = {
				BuildIndependentTargetsInParallel = 1;
				LastSwiftUpdateCheck = 1310;
				LastUpgradeCheck = 1310;
				TargetAttributes = {
					84B36EA02954402500234BC5 = {
						CreatedOnToolsVersion = 13.1;
					};
					84B36EB02954402900234BC5 = {
						CreatedOnToolsVersion = 13.1;
						TestTargetID = 84B36EA02954402500234BC5;
					};
					84B36EBA2954402900234BC5 = {
						CreatedOnToolsVersion = 13.1;
						TestTargetID = 84B36EA02954402500234BC5;
					};
				};
			};
			buildConfigurationList = 84B36E9C2954402500234BC5 /* Build configuration list for PBXProject "CounterDIY" */;
			compatibilityVersion = "Xcode 13.0";
			developmentRegion = en;
			hasScannedForEncodings = 0;
			knownRegions = (
				en,
				Base,
			);
			mainGroup = 84B36E982954402500234BC5;
			packageReferences = (
				84B36F0C29544B8C00234BC5 /* XCRemoteSwiftPackageReference "url-image" */,
			);
			productRefGroup = 84B36EA22954402500234BC5 /* Products */;
			projectDirPath = "";
			projectRoot = "";
			targets = (
				84B36EA02954402500234BC5 /* CounterDIY */,
				84B36EB02954402900234BC5 /* CounterDIYTests */,
				84B36EBA2954402900234BC5 /* CounterDIYUITests */,
			);
		};
/* End PBXProject section */

/* Begin PBXResourcesBuildPhase section */
		84B36E9F2954402500234BC5 /* Resources */ = {
			isa = PBXResourcesBuildPhase;
			buildActionMask = 2147483647;
			files = (
				84B36EAC2954402900234BC5 /* Preview Assets.xcassets in Resources */,
				84B36EA92954402900234BC5 /* Assets.xcassets in Resources */,
			);
			runOnlyForDeploymentPostprocessing = 0;
		};
		84B36EAF2954402900234BC5 /* Resources */ = {
			isa = PBXResourcesBuildPhase;
			buildActionMask = 2147483647;
			files = (
			);
			runOnlyForDeploymentPostprocessing = 0;
		};
		84B36EB92954402900234BC5 /* Resources */ = {
			isa = PBXResourcesBuildPhase;
			buildActionMask = 2147483647;
			files = (
			);
			runOnlyForDeploymentPostprocessing = 0;
		};
/* End PBXResourcesBuildPhase section */

/* Begin PBXSourcesBuildPhase section */
		84B36E9D2954402500234BC5 /* Sources */ = {
			isa = PBXSourcesBuildPhase;
			buildActionMask = 2147483647;
			files = (
				84B36ECF2954445B00234BC5 /* ResetView.swift in Sources */,
				84B36ED3295446D500234BC5 /* ContentViewRef.swift in Sources */,
				84B36ED5295446E200234BC5 /* ResetViewRef.swift in Sources */,
				84B36EA72954402500234BC5 /* ContentView.swift in Sources */,
				84B36EA52954402500234BC5 /* CounterDIYApp.swift in Sources */,
				84B36ED12954460B00234BC5 /* Model.swift in Sources */,
			);
			runOnlyForDeploymentPostprocessing = 0;
		};
		84B36EAD2954402900234BC5 /* Sources */ = {
			isa = PBXSourcesBuildPhase;
			buildActionMask = 2147483647;
			files = (
				84B36EB62954402900234BC5 /* CounterDIYTests.swift in Sources */,
			);
			runOnlyForDeploymentPostprocessing = 0;
		};
		84B36EB72954402900234BC5 /* Sources */ = {
			isa = PBXSourcesBuildPhase;
			buildActionMask = 2147483647;
			files = (
				84B36EC22954402900234BC5 /* CounterDIYUITestsLaunchTests.swift in Sources */,
				84B36EC02954402900234BC5 /* CounterDIYUITests.swift in Sources */,
			);
			runOnlyForDeploymentPostprocessing = 0;
		};
/* End PBXSourcesBuildPhase section */

/* Begin PBXTargetDependency section */
		84B36EB32954402900234BC5 /* PBXTargetDependency */ = {
			isa = PBXTargetDependency;
			target = 84B36EA02954402500234BC5 /* CounterDIY */;
			targetProxy = 84B36EB22954402900234BC5 /* PBXContainerItemProxy */;
		};
		84B36EBD2954402900234BC5 /* PBXTargetDependency */ = {
			isa = PBXTargetDependency;
			target = 84B36EA02954402500234BC5 /* CounterDIY */;
			targetProxy = 84B36EBC2954402900234BC5 /* PBXContainerItemProxy */;
		};
/* End PBXTargetDependency section */

/* Begin XCBuildConfiguration section */
		84B36EC32954402900234BC5 /* Debug */ = {
			isa = XCBuildConfiguration;
			buildSettings = {
				ALWAYS_SEARCH_USER_PATHS = NO;
				CLANG_ANALYZER_NONNULL = YES;
				CLANG_ANALYZER_NUMBER_OBJECT_CONVERSION = YES_AGGRESSIVE;
				CLANG_CXX_LANGUAGE_STANDARD = "gnu++17";
				CLANG_CXX_LIBRARY = "libc++";
				CLANG_ENABLE_MODULES = YES;
				CLANG_ENABLE_OBJC_ARC = YES;
				CLANG_ENABLE_OBJC_WEAK = YES;
				CLANG_WARN_BLOCK_CAPTURE_AUTORELEASING = YES;
				CLANG_WARN_BOOL_CONVERSION = YES;
				CLANG_WARN_COMMA = YES;
				CLANG_WARN_CONSTANT_CONVERSION = YES;
				CLANG_WARN_DEPRECATED_OBJC_IMPLEMENTATIONS = YES;
				CLANG_WARN_DIRECT_OBJC_ISA_USAGE = YES_ERROR;
				CLANG_WARN_DOCUMENTATION_COMMENTS = YES;
				CLANG_WARN_EMPTY_BODY = YES;
				CLANG_WARN_ENUM_CONVERSION = YES;
				CLANG_WARN_INFINITE_RECURSION = YES;
				CLANG_WARN_INT_CONVERSION = YES;
				CLANG_WARN_NON_LITERAL_NULL_CONVERSION = YES;
				CLANG_WARN_OBJC_IMPLICIT_RETAIN_SELF = YES;
				CLANG_WARN_OBJC_LITERAL_CONVERSION = YES;
				CLANG_WARN_OBJC_ROOT_CLASS = YES_ERROR;
				CLANG_WARN_QUOTED_INCLUDE_IN_FRAMEWORK_HEADER = YES;
				CLANG_WARN_RANGE_LOOP_ANALYSIS = YES;
				CLANG_WARN_STRICT_PROTOTYPES = YES;
				CLANG_WARN_SUSPICIOUS_MOVE = YES;
				CLANG_WARN_UNGUARDED_AVAILABILITY = YES_AGGRESSIVE;
				CLANG_WARN_UNREACHABLE_CODE = YES;
				CLANG_WARN__DUPLICATE_METHOD_MATCH = YES;
				COPY_PHASE_STRIP = NO;
				DEBUG_INFORMATION_FORMAT = dwarf;
				ENABLE_STRICT_OBJC_MSGSEND = YES;
				ENABLE_TESTABILITY = YES;
				GCC_C_LANGUAGE_STANDARD = gnu11;
				GCC_DYNAMIC_NO_PIC = NO;
				GCC_NO_COMMON_BLOCKS = YES;
				GCC_OPTIMIZATION_LEVEL = 0;
				GCC_PREPROCESSOR_DEFINITIONS = (
					"DEBUG=1",
					"$(inherited)",
				);
				GCC_WARN_64_TO_32_BIT_CONVERSION = YES;
				GCC_WARN_ABOUT_RETURN_TYPE = YES_ERROR;
				GCC_WARN_UNDECLARED_SELECTOR = YES;
				GCC_WARN_UNINITIALIZED_AUTOS = YES_AGGRESSIVE;
				GCC_WARN_UNUSED_FUNCTION = YES;
				GCC_WARN_UNUSED_VARIABLE = YES;
				IPHONEOS_DEPLOYMENT_TARGET = 15.0;
				MTL_ENABLE_DEBUG_INFO = INCLUDE_SOURCE;
				MTL_FAST_MATH = YES;
				ONLY_ACTIVE_ARCH = YES;
				SDKROOT = iphoneos;
				SWIFT_ACTIVE_COMPILATION_CONDITIONS = DEBUG;
				SWIFT_OPTIMIZATION_LEVEL = "-Onone";
			};
			name = Debug;
		};
		84B36EC42954402900234BC5 /* Release */ = {
			isa = XCBuildConfiguration;
			buildSettings = {
				ALWAYS_SEARCH_USER_PATHS = NO;
				CLANG_ANALYZER_NONNULL = YES;
				CLANG_ANALYZER_NUMBER_OBJECT_CONVERSION = YES_AGGRESSIVE;
				CLANG_CXX_LANGUAGE_STANDARD = "gnu++17";
				CLANG_CXX_LIBRARY = "libc++";
				CLANG_ENABLE_MODULES = YES;
				CLANG_ENABLE_OBJC_ARC = YES;
				CLANG_ENABLE_OBJC_WEAK = YES;
				CLANG_WARN_BLOCK_CAPTURE_AUTORELEASING = YES;
				CLANG_WARN_BOOL_CONVERSION = YES;
				CLANG_WARN_COMMA = YES;
				CLANG_WARN_CONSTANT_CONVERSION = YES;
				CLANG_WARN_DEPRECATED_OBJC_IMPLEMENTATIONS = YES;
				CLANG_WARN_DIRECT_OBJC_ISA_USAGE = YES_ERROR;
				CLANG_WARN_DOCUMENTATION_COMMENTS = YES;
				CLANG_WARN_EMPTY_BODY = YES;
				CLANG_WARN_ENUM_CONVERSION = YES;
				CLANG_WARN_INFINITE_RECURSION = YES;
				CLANG_WARN_INT_CONVERSION = YES;
				CLANG_WARN_NON_LITERAL_NULL_CONVERSION = YES;
				CLANG_WARN_OBJC_IMPLICIT_RETAIN_SELF = YES;
				CLANG_WARN_OBJC_LITERAL_CONVERSION = YES;
				CLANG_WARN_OBJC_ROOT_CLASS = YES_ERROR;
				CLANG_WARN_QUOTED_INCLUDE_IN_FRAMEWORK_HEADER = YES;
				CLANG_WARN_RANGE_LOOP_ANALYSIS = YES;
				CLANG_WARN_STRICT_PROTOTYPES = YES;
				CLANG_WARN_SUSPICIOUS_MOVE = YES;
				CLANG_WARN_UNGUARDED_AVAILABILITY = YES_AGGRESSIVE;
				CLANG_WARN_UNREACHABLE_CODE = YES;
				CLANG_WARN__DUPLICATE_METHOD_MATCH = YES;
				COPY_PHASE_STRIP = NO;
				DEBUG_INFORMATION_FORMAT = "dwarf-with-dsym";
				ENABLE_NS_ASSERTIONS = NO;
				ENABLE_STRICT_OBJC_MSGSEND = YES;
				GCC_C_LANGUAGE_STANDARD = gnu11;
				GCC_NO_COMMON_BLOCKS = YES;
				GCC_WARN_64_TO_32_BIT_CONVERSION = YES;
				GCC_WARN_ABOUT_RETURN_TYPE = YES_ERROR;
				GCC_WARN_UNDECLARED_SELECTOR = YES;
				GCC_WARN_UNINITIALIZED_AUTOS = YES_AGGRESSIVE;
				GCC_WARN_UNUSED_FUNCTION = YES;
				GCC_WARN_UNUSED_VARIABLE = YES;
				IPHONEOS_DEPLOYMENT_TARGET = 15.0;
				MTL_ENABLE_DEBUG_INFO = NO;
				MTL_FAST_MATH = YES;
				SDKROOT = iphoneos;
				SWIFT_COMPILATION_MODE = wholemodule;
				SWIFT_OPTIMIZATION_LEVEL = "-O";
				VALIDATE_PRODUCT = YES;
			};
			name = Release;
		};
		84B36EC62954402900234BC5 /* Debug */ = {
			isa = XCBuildConfiguration;
			buildSettings = {
				ASSETCATALOG_COMPILER_APPICON_NAME = AppIcon;
				ASSETCATALOG_COMPILER_GLOBAL_ACCENT_COLOR_NAME = AccentColor;
				CODE_SIGN_STYLE = Automatic;
				CURRENT_PROJECT_VERSION = 1;
				DEVELOPMENT_ASSET_PATHS = "\"CounterDIY/Preview Content\"";
				ENABLE_PREVIEWS = YES;
				GENERATE_INFOPLIST_FILE = YES;
				INFOPLIST_KEY_UIApplicationSceneManifest_Generation = YES;
				INFOPLIST_KEY_UIApplicationSupportsIndirectInputEvents = YES;
				INFOPLIST_KEY_UILaunchScreen_Generation = YES;
				INFOPLIST_KEY_UISupportedInterfaceOrientations_iPad = "UIInterfaceOrientationPortrait UIInterfaceOrientationPortraitUpsideDown UIInterfaceOrientationLandscapeLeft UIInterfaceOrientationLandscapeRight";
				INFOPLIST_KEY_UISupportedInterfaceOrientations_iPhone = "UIInterfaceOrientationPortrait UIInterfaceOrientationLandscapeLeft UIInterfaceOrientationLandscapeRight";
				LD_RUNPATH_SEARCH_PATHS = (
					"$(inherited)",
					"@executable_path/Frameworks",
				);
				MARKETING_VERSION = 1.0;
				PRODUCT_BUNDLE_IDENTIFIER = it.polimi.dima.async.CounterDIY;
				PRODUCT_NAME = "$(TARGET_NAME)";
				SWIFT_EMIT_LOC_STRINGS = YES;
				SWIFT_VERSION = 5.0;
				TARGETED_DEVICE_FAMILY = "1,2";
			};
			name = Debug;
		};
		84B36EC72954402900234BC5 /* Release */ = {
			isa = XCBuildConfiguration;
			buildSettings = {
				ASSETCATALOG_COMPILER_APPICON_NAME = AppIcon;
				ASSETCATALOG_COMPILER_GLOBAL_ACCENT_COLOR_NAME = AccentColor;
				CODE_SIGN_STYLE = Automatic;
				CURRENT_PROJECT_VERSION = 1;
				DEVELOPMENT_ASSET_PATHS = "\"CounterDIY/Preview Content\"";
				ENABLE_PREVIEWS = YES;
				GENERATE_INFOPLIST_FILE = YES;
				INFOPLIST_KEY_UIApplicationSceneManifest_Generation = YES;
				INFOPLIST_KEY_UIApplicationSupportsIndirectInputEvents = YES;
				INFOPLIST_KEY_UILaunchScreen_Generation = YES;
				INFOPLIST_KEY_UISupportedInterfaceOrientations_iPad = "UIInterfaceOrientationPortrait UIInterfaceOrientationPortraitUpsideDown UIInterfaceOrientationLandscapeLeft UIInterfaceOrientationLandscapeRight";
				INFOPLIST_KEY_UISupportedInterfaceOrientations_iPhone = "UIInterfaceOrientationPortrait UIInterfaceOrientationLandscapeLeft UIInterfaceOrientationLandscapeRight";
				LD_RUNPATH_SEARCH_PATHS = (
					"$(inherited)",
					"@executable_path/Frameworks",
				);
				MARKETING_VERSION = 1.0;
				PRODUCT_BUNDLE_IDENTIFIER = it.polimi.dima.async.CounterDIY;
				PRODUCT_NAME = "$(TARGET_NAME)";
				SWIFT_EMIT_LOC_STRINGS = YES;
				SWIFT_VERSION = 5.0;
				TARGETED_DEVICE_FAMILY = "1,2";
			};
			name = Release;
		};
		84B36EC92954402900234BC5 /* Debug */ = {
			isa = XCBuildConfiguration;
			buildSettings = {
				ALWAYS_EMBED_SWIFT_STANDARD_LIBRARIES = YES;
				BUNDLE_LOADER = "$(TEST_HOST)";
				CODE_SIGN_STYLE = Automatic;
				CURRENT_PROJECT_VERSION = 1;
				GENERATE_INFOPLIST_FILE = YES;
				IPHONEOS_DEPLOYMENT_TARGET = 15.0;
				LD_RUNPATH_SEARCH_PATHS = (
					"$(inherited)",
					"@executable_path/Frameworks",
					"@loader_path/Frameworks",
				);
				MARKETING_VERSION = 1.0;
				PRODUCT_BUNDLE_IDENTIFIER = it.polimi.dima.async.CounterDIYTests;
				PRODUCT_NAME = "$(TARGET_NAME)";
				SWIFT_EMIT_LOC_STRINGS = NO;
				SWIFT_VERSION = 5.0;
				TARGETED_DEVICE_FAMILY = "1,2";
				TEST_HOST = "$(BUILT_PRODUCTS_DIR)/CounterDIY.app/CounterDIY";
			};
			name = Debug;
		};
		84B36ECA2954402900234BC5 /* Release */ = {
			isa = XCBuildConfiguration;
			buildSettings = {
				ALWAYS_EMBED_SWIFT_STANDARD_LIBRARIES = YES;
				BUNDLE_LOADER = "$(TEST_HOST)";
				CODE_SIGN_STYLE = Automatic;
				CURRENT_PROJECT_VERSION = 1;
				GENERATE_INFOPLIST_FILE = YES;
				IPHONEOS_DEPLOYMENT_TARGET = 15.0;
				LD_RUNPATH_SEARCH_PATHS = (
					"$(inherited)",
					"@executable_path/Frameworks",
					"@loader_path/Frameworks",
				);
				MARKETING_VERSION = 1.0;
				PRODUCT_BUNDLE_IDENTIFIER = it.polimi.dima.async.CounterDIYTests;
				PRODUCT_NAME = "$(TARGET_NAME)";
				SWIFT_EMIT_LOC_STRINGS = NO;
				SWIFT_VERSION = 5.0;
				TARGETED_DEVICE_FAMILY = "1,2";
				TEST_HOST = "$(BUILT_PRODUCTS_DIR)/CounterDIY.app/CounterDIY";
			};
			name = Release;
		};
		84B36ECC2954402900234BC5 /* Debug */ = {
			isa = XCBuildConfiguration;
			buildSettings = {
				ALWAYS_EMBED_SWIFT_STANDARD_LIBRARIES = YES;
				CODE_SIGN_STYLE = Automatic;
				CURRENT_PROJECT_VERSION = 1;
				GENERATE_INFOPLIST_FILE = YES;
				LD_RUNPATH_SEARCH_PATHS = (
					"$(inherited)",
					"@executable_path/Frameworks",
					"@loader_path/Frameworks",
				);
				MARKETING_VERSION = 1.0;
				PRODUCT_BUNDLE_IDENTIFIER = it.polimi.dima.async.CounterDIYUITests;
				PRODUCT_NAME = "$(TARGET_NAME)";
				SWIFT_EMIT_LOC_STRINGS = NO;
				SWIFT_VERSION = 5.0;
				TARGETED_DEVICE_FAMILY = "1,2";
				TEST_TARGET_NAME = CounterDIY;
			};
			name = Debug;
		};
		84B36ECD2954402900234BC5 /* Release */ = {
			isa = XCBuildConfiguration;
			buildSettings = {
				ALWAYS_EMBED_SWIFT_STANDARD_LIBRARIES = YES;
				CODE_SIGN_STYLE = Automatic;
				CURRENT_PROJECT_VERSION = 1;
				GENERATE_INFOPLIST_FILE = YES;
				LD_RUNPATH_SEARCH_PATHS = (
					"$(inherited)",
					"@executable_path/Frameworks",
					"@loader_path/Frameworks",
				);
				MARKETING_VERSION = 1.0;
				PRODUCT_BUNDLE_IDENTIFIER = it.polimi.dima.async.CounterDIYUITests;
				PRODUCT_NAME = "$(TARGET_NAME)";
				SWIFT_EMIT_LOC_STRINGS = NO;
				SWIFT_VERSION = 5.0;
				TARGETED_DEVICE_FAMILY = "1,2";
				TEST_TARGET_NAME = CounterDIY;
			};
			name = Release;
		};
/* End XCBuildConfiguration section */

/* Begin XCConfigurationList section */
		84B36E9C2954402500234BC5 /* Build configuration list for PBXProject "CounterDIY" */ = {
			isa = XCConfigurationList;
			buildConfigurations = (
				84B36EC32954402900234BC5 /* Debug */,
				84B36EC42954402900234BC5 /* Release */,
			);
			defaultConfigurationIsVisible = 0;
			defaultConfigurationName = Release;
		};
		84B36EC52954402900234BC5 /* Build configuration list for PBXNativeTarget "CounterDIY" */ = {
			isa = XCConfigurationList;
			buildConfigurations = (
				84B36EC62954402900234BC5 /* Debug */,
				84B36EC72954402900234BC5 /* Release */,
			);
			defaultConfigurationIsVisible = 0;
			defaultConfigurationName = Release;
		};
		84B36EC82954402900234BC5 /* Build configuration list for PBXNativeTarget "CounterDIYTests" */ = {
			isa = XCConfigurationList;
			buildConfigurations = (
				84B36EC92954402900234BC5 /* Debug */,
				84B36ECA2954402900234BC5 /* Release */,
			);
			defaultConfigurationIsVisible = 0;
			defaultConfigurationName = Release;
		};
		84B36ECB2954402900234BC5 /* Build configuration list for PBXNativeTarget "CounterDIYUITests" */ = {
			isa = XCConfigurationList;
			buildConfigurations = (
				84B36ECC2954402900234BC5 /* Debug */,
				84B36ECD2954402900234BC5 /* Release */,
			);
			defaultConfigurationIsVisible = 0;
			defaultConfigurationName = Release;
		};
/* End XCConfigurationList section */

/* Begin XCRemoteSwiftPackageReference section */
		84B36F0C29544B8C00234BC5 /* XCRemoteSwiftPackageReference "url-image" */ = {
			isa = XCRemoteSwiftPackageReference;
			repositoryURL = "https://github.com/dmytro-anokhin/url-image.git";
			requirement = {
				kind = upToNextMajorVersion;
				minimumVersion = 3.0.0;
			};
		};
/* End XCRemoteSwiftPackageReference section */

/* Begin XCSwiftPackageProductDependency section */
		84B36F0D29544B8C00234BC5 /* URLImage */ = {
			isa = XCSwiftPackageProductDependency;
			package = 84B36F0C29544B8C00234BC5 /* XCRemoteSwiftPackageReference "url-image" */;
			productName = URLImage;
		};
/* End XCSwiftPackageProductDependency section */
	};
	rootObject = 84B36E992954402500234BC5 /* Project object */;
}
