{
  "object": {
    "pins": [
      {
        "package": "URLImage",
        "repositoryURL": "https://github.com/dmytro-anokhin/url-image.git",
        "state": {
          "branch": "main",
          "revision": "20abda498bf8fe78631b1057b77078147598962b",
          "version": null
        }
      }
    ]
  },
  "version": 1
}
